
Microsoft Visual Studio Solution File, Format Version 12.00
# Visual Studio Version 16
VisualStudioVersion = 16.0.30114.105
MinimumVisualStudioVersion = 10.0.40219.1
Project("{FAE04EC0-301F-11D3-BF4B-00C04F79EFBC}") = "DevCar-Console", "DevCar-Console\DevCar-Console.csproj", "{2043A279-1C81-4A45-97A5-EFED84ACF370}"
EndProject
Project("{FAE04EC0-301F-11D3-BF4B-00C04F79EFBC}") = "devcar-tests", "devcar-tests\devcar-tests.csproj", "{DB032D60-6E62-4354-9443-D3D2A6AC7C5F}"
EndProject
Global
	GlobalSection(SolutionConfigurationPlatforms) = preSolution
		Debug|Any CPU = Debug|Any CPU
		Release|Any CPU = Release|Any CPU
	EndGlobalSection
	GlobalSection(SolutionProperties) = preSolution
		HideSolutionNode = FALSE
	EndGlobalSection
	GlobalSection(ProjectConfigurationPlatforms) = postSolution
		{2043A279-1C81-4A45-97A5-EFED84ACF370}.Debug|Any CPU.ActiveCfg = Debug|Any CPU
		{2043A279-1C81-4A45-97A5-EFED84ACF370}.Debug|Any CPU.Build.0 = Debug|Any CPU
		{2043A279-1C81-4A45-97A5-EFED84ACF370}.Release|Any CPU.ActiveCfg = Release|Any CPU
		{2043A279-1C81-4A45-97A5-EFED84ACF370}.Release|Any CPU.Build.0 = Release|Any CPU
		{DB032D60-6E62-4354-9443-D3D2A6AC7C5F}.Debug|Any CPU.ActiveCfg = Debug|Any CPU
		{DB032D60-6E62-4354-9443-D3D2A6AC7C5F}.Debug|Any CPU.Build.0 = Debug|Any CPU
		{DB032D60-6E62-4354-9443-D3D2A6AC7C5F}.Release|Any CPU.ActiveCfg = Release|Any CPU
		{DB032D60-6E62-4354-9443-D3D2A6AC7C5F}.Release|Any CPU.Build.0 = Release|Any CPU
	EndGlobalSection
EndGlobal
